// !$*UTF8*$!
{
	archiveVersion = 1;
	classes = {
	};
	objectVersion = 50;
	objects = {

/* Begin PBXBuildFile section */
		CDD233B223BA7DC7000B4314 /* AppDelegate.swift in Sources */ = {isa = PBXBuildFile; fileRef = CDD233B123BA7DC7000B4314 /* AppDelegate.swift */; };
		CDD233B423BA7DC7000B4314 /* SceneDelegate.swift in Sources */ = {isa = PBXBuildFile; fileRef = CDD233B323BA7DC7000B4314 /* SceneDelegate.swift */; };
		CDD233B623BA7DC7000B4314 /* ViewController.swift in Sources */ = {isa = PBXBuildFile; fileRef = CDD233B523BA7DC7000B4314 /* ViewController.swift */; };
		CDD233B923BA7DC7000B4314 /* Main.storyboard in Resources */ = {isa = PBXBuildFile; fileRef = CDD233B723BA7DC7000B4314 /* Main.storyboard */; };
		CDD233BB23BA7DCA000B4314 /* Assets.xcassets in Resources */ = {isa = PBXBuildFile; fileRef = CDD233BA23BA7DCA000B4314 /* Assets.xcassets */; };
		CDD233BE23BA7DCA000B4314 /* LaunchScreen.storyboard in Resources */ = {isa = PBXBuildFile; fileRef = CDD233BC23BA7DCA000B4314 /* LaunchScreen.storyboard */; };
/* End PBXBuildFile section */

/* Begin PBXFileReference section */
		CDD233AE23BA7DC7000B4314 /* XC4WarCardGame.app */ = {isa = PBXFileReference; explicitFileType = wrapper.application; includeInIndex = 0; path = XC4WarCardGame.app; sourceTree = BUILT_PRODUCTS_DIR; };
		CDD233B123BA7DC7000B4314 /* AppDelegate.swift */ = {isa = PBXFileReference; lastKnownFileType = sourcecode.swift; path = AppDelegate.swift; sourceTree = "<group>"; };
		CDD233B323BA7DC7000B4314 /* SceneDelegate.swift */ = {isa = PBXFileReference; lastKnownFileType = sourcecode.swift; path = SceneDelegate.swift; sourceTree = "<group>"; };
		CDD233B523BA7DC7000B4314 /* ViewController.swift */ = {isa = PBXFileReference; lastKnownFileType = sourcecode.swift; path = ViewController.swift; sourceTree = "<group>"; };
		CDD233B823BA7DC7000B4314 /* Base */ = {isa = PBXFileReference; lastKnownFileType = file.storyboard; name = Base; path = Base.lproj/Main.storyboard; sourceTree = "<group>"; };
		CDD233BA23BA7DCA000B4314 /* Assets.xcassets */ = {isa = PBXFileReference; lastKnownFileType = folder.assetcatalog; path = Assets.xcassets; sourceTree = "<group>"; };
		CDD233BD23BA7DCA000B4314 /* Base */ = {isa = PBXFileReference; lastKnownFileType = file.storyboard; name = Base; path = Base.lproj/LaunchScreen.storyboard; sourceTree = "<group>"; };
		CDD233BF23BA7DCA000B4314 /* Info.plist */ = {isa = PBXFileReference; lastKnownFileType = text.plist.xml; path = Info.plist; sourceTree = "<group>"; };
/* End PBXFileReference section */

/* Begin PBXFrameworksBuildPhase section */
		CDD233AB23BA7DC7000B4314 /* Frameworks */ = {
			isa = PBXFrameworksBuildPhase;
			buildActionMask = 2147483647;
			files = (
			);
			runOnlyForDeploymentPostprocessing = 0;
		};
/* End PBXFrameworksBuildPhase section */

/* Begin PBXGroup section */
		CDD233A523BA7DC7000B4314 = {
			isa = PBXGroup;
			children = (
				CDD233B023BA7DC7000B4314 /* XC4WarCardGame */,
				CDD233AF23BA7DC7000B4314 /* Products */,
			);
			sourceTree = "<group>";
		};
		CDD233AF23BA7DC7000B4314 /* Products */ = {
			isa = PBXGroup;
			children = (
				CDD233AE23BA7DC7000B4314 /* XC4WarCardGame.app */,
			);
			name = Products;
			sourceTree = "<group>";
		};
		CDD233B023BA7DC7000B4314 /* XC4WarCardGame */ = {
			isa = PBXGroup;
			children = (
				CDD233B123BA7DC7000B4314 /* AppDelegate.swift */,
				CDD233B323BA7DC7000B4314 /* SceneDelegate.swift */,
				CDD233B523BA7DC7000B4314 /* ViewController.swift */,
				CDD233B723BA7DC7000B4314 /* Main.storyboard */,
				CDD233BA23BA7DCA000B4314 /* Assets.xcassets */,
				CDD233BC23BA7DCA000B4314 /* LaunchScreen.storyboard */,
				CDD233BF23BA7DCA000B4314 /* Info.plist */,
			);
			path = XC4WarCardGame;
			sourceTree = "<group>";
		};
/* End PBXGroup section */

/* Begin PBXNativeTarget section */
		CDD233AD23BA7DC7000B4314 /* XC4WarCardGame */ = {
			isa = PBXNativeTarget;
			buildConfigurationList = CDD233C223BA7DCA000B4314 /* Build configuration list for PBXNativeTarget "XC4WarCardGame" */;
			buildPhases = (
				CDD233AA23BA7DC7000B4314 /* Sources */,
				CDD233AB23BA7DC7000B4314 /* Frameworks */,
				CDD233AC23BA7DC7000B4314 /* Resources */,
			);
			buildRules = (
			);
			dependencies = (
			);
			name = XC4WarCardGame;
			productName = XC4WarCardGame;
			productReference = CDD233AE23BA7DC7000B4314 /* XC4WarCardGame.app */;
			productType = "com.apple.product-type.application";
		};
/* End PBXNativeTarget section */

/* Begin PBXProject section */
		CDD233A623BA7DC7000B4314 /* Project object */ = {
			isa = PBXProject;
			attributes = {
				LastSwiftUpdateCheck = 1130;
				LastUpgradeCheck = 1130;
				ORGANIZATIONNAME = CastleBomber;
				TargetAttributes = {
					CDD233AD23BA7DC7000B4314 = {
						CreatedOnToolsVersion = 11.3;
					};
				};
			};
			buildConfigurationList = CDD233A923BA7DC7000B4314 /* Build configuration list for PBXProject "XC4WarCardGame" */;
			compatibilityVersion = "Xcode 9.3";
			developmentRegion = en;
			hasScannedForEncodings = 0;
			knownRegions = (
				en,
				Base,
			);
			mainGroup = CDD233A523BA7DC7000B4314;
			productRefGroup = CDD233AF23BA7DC7000B4314 /* Products */;
			projectDirPath = "";
			projectRoot = "";
			targets = (
				CDD233AD23BA7DC7000B4314 /* XC4WarCardGame */,
			);
		};
/* End PBXProject section */

/* Begin PBXResourcesBuildPhase section */
		CDD233AC23BA7DC7000B4314 /* Resources */ = {
			isa = PBXResourcesBuildPhase;
			buildActionMask = 2147483647;
			files = (
				CDD233BE23BA7DCA000B4314 /* LaunchScreen.storyboard in Resources */,
				CDD233BB23BA7DCA000B4314 /* Assets.xcassets in Resources */,
				CDD233B923BA7DC7000B4314 /* Main.storyboard in Resources */,
			);
			runOnlyForDeploymentPostprocessing = 0;
		};
/* End PBXResourcesBuildPhase section */

/* Begin PBXSourcesBuildPhase section */
		CDD233AA23BA7DC7000B4314 /* Sources */ = {
			isa = PBXSourcesBuildPhase;
			buildActionMask = 2147483647;
			files = (
				CDD233B623BA7DC7000B4314 /* ViewController.swift in Sources */,
				CDD233B223BA7DC7000B4314 /* AppDelegate.swift in Sources */,
				CDD233B423BA7DC7000B4314 /* SceneDelegate.swift in Sources */,
			);
			runOnlyForDeploymentPostprocessing = 0;
		};
/* End PBXSourcesBuildPhase section */

/* Begin PBXVariantGroup section */
		CDD233B723BA7DC7000B4314 /* Main.storyboard */ = {
			isa = PBXVariantGroup;
			children = (
				CDD233B823BA7DC7000B4314 /* Base */,
			);
			name = Main.storyboard;
			sourceTree = "<group>";
		};
		CDD233BC23BA7DCA000B4314 /* LaunchScreen.storyboard */ = {
			isa = PBXVariantGroup;
			children = (
				CDD233BD23BA7DCA000B4314 /* Base */,
			);
			name = LaunchScreen.storyboard;
			sourceTree = "<group>";
		};
/* End PBXVariantGroup section */

/* Begin XCBuildConfiguration section */
		CDD233C023BA7DCA000B4314 /* Debug */ = {
			isa = XCBuildConfiguration;
			buildSettings = {
				ALWAYS_SEARCH_USER_PATHS = NO;
				CLANG_ANALYZER_NONNULL = YES;
				CLANG_ANALYZER_NUMBER_OBJECT_CONVERSION = YES_AGGRESSIVE;
				CLANG_CXX_LANGUAGE_STANDARD = "gnu++14";
				CLANG_CXX_LIBRARY = "libc++";
				CLANG_ENABLE_MODULES = YES;
				CLANG_ENABLE_OBJC_ARC = YES;
				CLANG_ENABLE_OBJC_WEAK = YES;
				CLANG_WARN_BLOCK_CAPTURE_AUTORELEASING = YES;
				CLANG_WARN_BOOL_CONVERSION = YES;
				CLANG_WARN_COMMA = YES;
				CLANG_WARN_CONSTANT_CONVERSION = YES;
				CLANG_WARN_DEPRECATED_OBJC_IMPLEMENTATIONS = YES;
				CLANG_WARN_DIRECT_OBJC_ISA_USAGE = YES_ERROR;
				CLANG_WARN_DOCUMENTATION_COMMENTS = YES;
				CLANG_WARN_EMPTY_BODY = YES;
				CLANG_WARN_ENUM_CONVERSION = YES;
				CLANG_WARN_INFINITE_RECURSION = YES;
				CLANG_WARN_INT_CONVERSION = YES;
				CLANG_WARN_NON_LITERAL_NULL_CONVERSION = YES;
				CLANG_WARN_OBJC_IMPLICIT_RETAIN_SELF = YES;
				CLANG_WARN_OBJC_LITERAL_CONVERSION = YES;
				CLANG_WARN_OBJC_ROOT_CLASS = YES_ERROR;
				CLANG_WARN_RANGE_LOOP_ANALYSIS = YES;
				CLANG_WARN_STRICT_PROTOTYPES = YES;
				CLANG_WARN_SUSPICIOUS_MOVE = YES;
				CLANG_WARN_UNGUARDED_AVAILABILITY = YES_AGGRESSIVE;
				CLANG_WARN_UNREACHABLE_CODE = YES;
				CLANG_WARN__DUPLICATE_METHOD_MATCH = YES;
				COPY_PHASE_STRIP = NO;
				DEBUG_INFORMATION_FORMAT = dwarf;
				ENABLE_STRICT_OBJC_MSGSEND = YES;
				ENABLE_TESTABILITY = YES;
				GCC_C_LANGUAGE_STANDARD = gnu11;
				GCC_DYNAMIC_NO_PIC = NO;
				GCC_NO_COMMON_BLOCKS = YES;
				GCC_OPTIMIZATION_LEVEL = 0;
				GCC_PREPROCESSOR_DEFINITIONS = (
					"DEBUG=1",
					"$(inherited)",
				);
				GCC_WARN_64_TO_32_BIT_CONVERSION = YES;
				GCC_WARN_ABOUT_RETURN_TYPE = YES_ERROR;
				GCC_WARN_UNDECLARED_SELECTOR = YES;
				GCC_WARN_UNINITIALIZED_AUTOS = YES_AGGRESSIVE;
				GCC_WARN_UNUSED_FUNCTION = YES;
				GCC_WARN_UNUSED_VARIABLE = YES;
				IPHONEOS_DEPLOYMENT_TARGET = 13.2;
				MTL_ENABLE_DEBUG_INFO = INCLUDE_SOURCE;
				MTL_FAST_MATH = YES;
				ONLY_ACTIVE_ARCH = YES;
				SDKROOT = iphoneos;
				SWIFT_ACTIVE_COMPILATION_CONDITIONS = DEBUG;
				SWIFT_OPTIMIZATION_LEVEL = "-Onone";
			};
			name = Debug;
		};
		CDD233C123BA7DCA000B4314 /* Release */ = {
			isa = XCBuildConfiguration;
			buildSettings = {
				ALWAYS_SEARCH_USER_PATHS = NO;
				CLANG_ANALYZER_NONNULL = YES;
				CLANG_ANALYZER_NUMBER_OBJECT_CONVERSION = YES_AGGRESSIVE;
				CLANG_CXX_LANGUAGE_STANDARD = "gnu++14";
				CLANG_CXX_LIBRARY = "libc++";
				CLANG_ENABLE_MODULES = YES;
				CLANG_ENABLE_OBJC_ARC = YES;
				CLANG_ENABLE_OBJC_WEAK = YES;
				CLANG_WARN_BLOCK_CAPTURE_AUTORELEASING = YES;
				CLANG_WARN_BOOL_CONVERSION = YES;
				CLANG_WARN_COMMA = YES;
				CLANG_WARN_CONSTANT_CONVERSION = YES;
				CLANG_WARN_DEPRECATED_OBJC_IMPLEMENTATIONS = YES;
				CLANG_WARN_DIRECT_OBJC_ISA_USAGE = YES_ERROR;
				CLANG_WARN_DOCUMENTATION_COMMENTS = YES;
				CLANG_WARN_EMPTY_BODY = YES;
				CLANG_WARN_ENUM_CONVERSION = YES;
				CLANG_WARN_INFINITE_RECURSION = YES;
				CLANG_WARN_INT_CONVERSION = YES;
				CLANG_WARN_NON_LITERAL_NULL_CONVERSION = YES;
				CLANG_WARN_OBJC_IMPLICIT_RETAIN_SELF = YES;
				CLANG_WARN_OBJC_LITERAL_CONVERSION = YES;
				CLANG_WARN_OBJC_ROOT_CLASS = YES_ERROR;
				CLANG_WARN_RANGE_LOOP_ANALYSIS = YES;
				CLANG_WARN_STRICT_PROTOTYPES = YES;
				CLANG_WARN_SUSPICIOUS_MOVE = YES;
				CLANG_WARN_UNGUARDED_AVAILABILITY = YES_AGGRESSIVE;
				CLANG_WARN_UNREACHABLE_CODE = YES;
				CLANG_WARN__DUPLICATE_METHOD_MATCH = YES;
				COPY_PHASE_STRIP = NO;
				DEBUG_INFORMATION_FORMAT = "dwarf-with-dsym";
				ENABLE_NS_ASSERTIONS = NO;
				ENABLE_STRICT_OBJC_MSGSEND = YES;
				GCC_C_LANGUAGE_STANDARD = gnu11;
				GCC_NO_COMMON_BLOCKS = YES;
				GCC_WARN_64_TO_32_BIT_CONVERSION = YES;
				GCC_WARN_ABOUT_RETURN_TYPE = YES_ERROR;
				GCC_WARN_UNDECLARED_SELECTOR = YES;
				GCC_WARN_UNINITIALIZED_AUTOS = YES_AGGRESSIVE;
				GCC_WARN_UNUSED_FUNCTION = YES;
				GCC_WARN_UNUSED_VARIABLE = YES;
				IPHONEOS_DEPLOYMENT_TARGET = 13.2;
				MTL_ENABLE_DEBUG_INFO = NO;
				MTL_FAST_MATH = YES;
				SDKROOT = iphoneos;
				SWIFT_COMPILATION_MODE = wholemodule;
				SWIFT_OPTIMIZATION_LEVEL = "-O";
				VALIDATE_PRODUCT = YES;
			};
			name = Release;
		};
		CDD233C323BA7DCA000B4314 /* Debug */ = {
			isa = XCBuildConfiguration;
			buildSettings = {
				ASSETCATALOG_COMPILER_APPICON_NAME = AppIcon;
				CODE_SIGN_STYLE = Automatic;
				DEVELOPMENT_TEAM = 849P933D4F;
				INFOPLIST_FILE = XC4WarCardGame/Info.plist;
				LD_RUNPATH_SEARCH_PATHS = (
					"$(inherited)",
					"@executable_path/Frameworks",
				);
				PRODUCT_BUNDLE_IDENTIFIER = com.CastleBomber.XC4WarCardGame;
				PRODUCT_NAME = "$(TARGET_NAME)";
				SWIFT_VERSION = 5.0;
				TARGETED_DEVICE_FAMILY = "1,2";
			};
			name = Debug;
		};
		CDD233C423BA7DCA000B4314 /* Release */ = {
			isa = XCBuildConfiguration;
			buildSettings = {
				ASSETCATALOG_COMPILER_APPICON_NAME = AppIcon;
				CODE_SIGN_STYLE = Automatic;
				DEVELOPMENT_TEAM = 849P933D4F;
				INFOPLIST_FILE = XC4WarCardGame/Info.plist;
				LD_RUNPATH_SEARCH_PATHS = (
					"$(inherited)",
					"@executable_path/Frameworks",
				);
				PRODUCT_BUNDLE_IDENTIFIER = com.CastleBomber.XC4WarCardGame;
				PRODUCT_NAME = "$(TARGET_NAME)";
				SWIFT_VERSION = 5.0;
				TARGETED_DEVICE_FAMILY = "1,2";
			};
			name = Release;
		};
/* End XCBuildConfiguration section */

/* Begin XCConfigurationList section */
		CDD233A923BA7DC7000B4314 /* Build configuration list for PBXProject "XC4WarCardGame" */ = {
			isa = XCConfigurationList;
			buildConfigurations = (
				CDD233C023BA7DCA000B4314 /* Debug */,
				CDD233C123BA7DCA000B4314 /* Release */,
			);
			defaultConfigurationIsVisible = 0;
			defaultConfigurationName = Release;
		};
		CDD233C223BA7DCA000B4314 /* Build configuration list for PBXNativeTarget "XC4WarCardGame" */ = {
			isa = XCConfigurationList;
			buildConfigurations = (
				CDD233C323BA7DCA000B4314 /* Debug */,
				CDD233C423BA7DCA000B4314 /* Release */,
			);
			defaultConfigurationIsVisible = 0;
			defaultConfigurationName = Release;
		};
/* End XCConfigurationList section */
	};
	rootObject = CDD233A623BA7DC7000B4314 /* Project object */;
}
